
Microsoft Visual Studio Solution File, Format Version 12.00
# Visual Studio Version 17
VisualStudioVersion = 17.13.35919.96
MinimumVisualStudioVersion = 10.0.40219.1
Project("{FAE04EC0-301F-11D3-BF4B-00C04F79EFBC}") = "MasterDegreeDemo.AppHost", "MasterDegreeDemo.AppHost\MasterDegreeDemo.AppHost.csproj", "{E60FB6E8-D0A5-46C0-B290-587E6C3D5D62}"
EndProject
Project("{FAE04EC0-301F-11D3-BF4B-00C04F79EFBC}") = "MasterDegreeDemo.ServiceDefaults", "MasterDegreeDemo.ServiceDefaults\MasterDegreeDemo.ServiceDefaults.csproj", "{584C4F66-7E91-E665-A44B-627334F49BDA}"
EndProject
Project("{FAE04EC0-301F-11D3-BF4B-00C04F79EFBC}") = "MasterDegreeDemo.EventReceiver1", "MasterDegreeDemo.EventReceiver1\MasterDegreeDemo.EventReceiver1.csproj", "{D0582FAB-F64E-AC83-648B-80457798F16D}"
EndProject
Project("{FAE04EC0-301F-11D3-BF4B-00C04F79EFBC}") = "MasterDegreeDemo.EventReceiver2", "MasterDegreeDemo.EventReceiver2\MasterDegreeDemo.EventReceiver2.csproj", "{FD73D1EF-6242-F4C9-D6B3-8A59D51B0272}"
EndProject
Project("{FAE04EC0-301F-11D3-BF4B-00C04F79EFBC}") = "MasterDegreeDemo.CDK", "MasterDegreeDemo.CDK\MasterDegreeDemo.CDK.csproj", "{C021445E-38F2-878C-AF2D-737C43685BD9}"
EndProject
Project("{FAE04EC0-301F-11D3-BF4B-00C04F79EFBC}") = "MasterDegreeDemo.EventSender", "MasterDegreeDemo.EventSender\MasterDegreeDemo.EventSender.csproj", "{7903E955-E3C8-4200-AF6D-16B13EB15ACA}"
EndProject
Global
	GlobalSection(SolutionConfigurationPlatforms) = preSolution
		Debug|Any CPU = Debug|Any CPU
		Release|Any CPU = Release|Any CPU
	EndGlobalSection
	GlobalSection(ProjectConfigurationPlatforms) = postSolution
		{E60FB6E8-D0A5-46C0-B290-587E6C3D5D62}.Debug|Any CPU.ActiveCfg = Debug|Any CPU
		{E60FB6E8-D0A5-46C0-B290-587E6C3D5D62}.Debug|Any CPU.Build.0 = Debug|Any CPU
		{E60FB6E8-D0A5-46C0-B290-587E6C3D5D62}.Release|Any CPU.ActiveCfg = Release|Any CPU
		{E60FB6E8-D0A5-46C0-B290-587E6C3D5D62}.Release|Any CPU.Build.0 = Release|Any CPU
		{584C4F66-7E91-E665-A44B-627334F49BDA}.Debug|Any CPU.ActiveCfg = Debug|Any CPU
		{584C4F66-7E91-E665-A44B-627334F49BDA}.Debug|Any CPU.Build.0 = Debug|Any CPU
		{584C4F66-7E91-E665-A44B-627334F49BDA}.Release|Any CPU.ActiveCfg = Release|Any CPU
		{584C4F66-7E91-E665-A44B-627334F49BDA}.Release|Any CPU.Build.0 = Release|Any CPU
		{D0582FAB-F64E-AC83-648B-80457798F16D}.Debug|Any CPU.ActiveCfg = Debug|Any CPU
		{D0582FAB-F64E-AC83-648B-80457798F16D}.Debug|Any CPU.Build.0 = Debug|Any CPU
		{D0582FAB-F64E-AC83-648B-80457798F16D}.Release|Any CPU.ActiveCfg = Release|Any CPU
		{D0582FAB-F64E-AC83-648B-80457798F16D}.Release|Any CPU.Build.0 = Release|Any CPU
		{FD73D1EF-6242-F4C9-D6B3-8A59D51B0272}.Debug|Any CPU.ActiveCfg = Debug|Any CPU
		{FD73D1EF-6242-F4C9-D6B3-8A59D51B0272}.Debug|Any CPU.Build.0 = Debug|Any CPU
		{FD73D1EF-6242-F4C9-D6B3-8A59D51B0272}.Release|Any CPU.ActiveCfg = Release|Any CPU
		{FD73D1EF-6242-F4C9-D6B3-8A59D51B0272}.Release|Any CPU.Build.0 = Release|Any CPU
		{C021445E-38F2-878C-AF2D-737C43685BD9}.Debug|Any CPU.ActiveCfg = Debug|Any CPU
		{C021445E-38F2-878C-AF2D-737C43685BD9}.Debug|Any CPU.Build.0 = Debug|Any CPU
		{C021445E-38F2-878C-AF2D-737C43685BD9}.Release|Any CPU.ActiveCfg = Release|Any CPU
		{C021445E-38F2-878C-AF2D-737C43685BD9}.Release|Any CPU.Build.0 = Release|Any CPU
		{7903E955-E3C8-4200-AF6D-16B13EB15ACA}.Debug|Any CPU.ActiveCfg = Debug|Any CPU
		{7903E955-E3C8-4200-AF6D-16B13EB15ACA}.Debug|Any CPU.Build.0 = Debug|Any CPU
		{7903E955-E3C8-4200-AF6D-16B13EB15ACA}.Release|Any CPU.ActiveCfg = Release|Any CPU
		{7903E955-E3C8-4200-AF6D-16B13EB15ACA}.Release|Any CPU.Build.0 = Release|Any CPU
	EndGlobalSection
	GlobalSection(SolutionProperties) = preSolution
		HideSolutionNode = FALSE
	EndGlobalSection
	GlobalSection(ExtensibilityGlobals) = postSolution
		SolutionGuid = {961D03C6-1046-4685-BB24-77D448A0C1D1}
	EndGlobalSection
EndGlobal
